// !$*UTF8*$!
{
	archiveVersion = 1;
	classes = {
	};
	objectVersion = 55;
	objects = {

/* Begin PBXBuildFile section */
		7D9CFA4328DDEE7F00D971A7 /* AppDelegate.swift in Sources */ = {isa = PBXBuildFile; fileRef = 7D9CFA4228DDEE7F00D971A7 /* AppDelegate.swift */; };
		7D9CFA4528DDEE7F00D971A7 /* SceneDelegate.swift in Sources */ = {isa = PBXBuildFile; fileRef = 7D9CFA4428DDEE7F00D971A7 /* SceneDelegate.swift */; };
		7D9CFA4A28DDEE7F00D971A7 /* Main.storyboard in Resources */ = {isa = PBXBuildFile; fileRef = 7D9CFA4828DDEE7F00D971A7 /* Main.storyboard */; };
		7D9CFA4C28DDEE8000D971A7 /* Assets.xcassets in Resources */ = {isa = PBXBuildFile; fileRef = 7D9CFA4B28DDEE8000D971A7 /* Assets.xcassets */; };
		7D9CFA4F28DDEE8000D971A7 /* LaunchScreen.storyboard in Resources */ = {isa = PBXBuildFile; fileRef = 7D9CFA4D28DDEE8000D971A7 /* LaunchScreen.storyboard */; };
		7D9CFA5728DDEF8900D971A7 /* ImagesListViewController.swift in Sources */ = {isa = PBXBuildFile; fileRef = 7D9CFA5628DDEF8800D971A7 /* ImagesListViewController.swift */; };
		9112B93D2AAB67FF00E637FD /* ImageListCell.swift in Sources */ = {isa = PBXBuildFile; fileRef = 9112B93C2AAB67FF00E637FD /* ImageListCell.swift */; };
		9149CD802B222087000C0A25 /* WebCookieCleaner.swift in Sources */ = {isa = PBXBuildFile; fileRef = 9149CD7F2B222087000C0A25 /* WebCookieCleaner.swift */; };
		91664F992B467F8B001AA71B /* WebViewPresenter.swift in Sources */ = {isa = PBXBuildFile; fileRef = 91664F982B467F8B001AA71B /* WebViewPresenter.swift */; };
		91664F9B2B46B3A2001AA71B /* AuthHelper.swift in Sources */ = {isa = PBXBuildFile; fileRef = 91664F9A2B46B3A2001AA71B /* AuthHelper.swift */; };
		91664FA32B46B9F7001AA71B /* Image_FeedTests.swift in Sources */ = {isa = PBXBuildFile; fileRef = 91664FA22B46B9F7001AA71B /* Image_FeedTests.swift */; };
		91681BAD2B0E3C8C003B2D82 /* ImagesListService.swift in Sources */ = {isa = PBXBuildFile; fileRef = 91681BAC2B0E3C8C003B2D82 /* ImagesListService.swift */; };
		91681BB02B0E3CE1003B2D82 /* Photo.swift in Sources */ = {isa = PBXBuildFile; fileRef = 91681BAF2B0E3CE1003B2D82 /* Photo.swift */; };
		91681BB22B0E3CF4003B2D82 /* PhotoResult.swift in Sources */ = {isa = PBXBuildFile; fileRef = 91681BB12B0E3CF4003B2D82 /* PhotoResult.swift */; };
		91A22BB02ACACE24002CFDE3 /* UIColor+Extensions.swift in Sources */ = {isa = PBXBuildFile; fileRef = 91A22BAF2ACACE24002CFDE3 /* UIColor+Extensions.swift */; };
		91A22BB22ACD6E08002CFDE3 /* AuthConfiguration.swift in Sources */ = {isa = PBXBuildFile; fileRef = 91A22BB12ACD6E08002CFDE3 /* AuthConfiguration.swift */; };
		91A22BB52ACEAEEE002CFDE3 /* AuthViewController.swift in Sources */ = {isa = PBXBuildFile; fileRef = 91A22BB42ACEAEEE002CFDE3 /* AuthViewController.swift */; };
		91A22BB72ACEBBC1002CFDE3 /* WebViewViewController.swift in Sources */ = {isa = PBXBuildFile; fileRef = 91A22BB62ACEBBC1002CFDE3 /* WebViewViewController.swift */; };
		91A22BBB2ADECFE1002CFDE3 /* OAuth2Service.swift in Sources */ = {isa = PBXBuildFile; fileRef = 91A22BBA2ADECFE1002CFDE3 /* OAuth2Service.swift */; };
		91A22BBD2ADEDA95002CFDE3 /* URLRequest+Extensions.swift in Sources */ = {isa = PBXBuildFile; fileRef = 91A22BBC2ADEDA95002CFDE3 /* URLRequest+Extensions.swift */; };
		91A22BBF2ADEDDA3002CFDE3 /* URLSession+Extensions.swift in Sources */ = {isa = PBXBuildFile; fileRef = 91A22BBE2ADEDDA3002CFDE3 /* URLSession+Extensions.swift */; };
		91A22BC62AE025E9002CFDE3 /* SplashViewController.swift in Sources */ = {isa = PBXBuildFile; fileRef = 91A22BC52AE025E9002CFDE3 /* SplashViewController.swift */; };
		91AD130F2AFF94460004D4B8 /* OAuth2TokenStorage.swift in Sources */ = {isa = PBXBuildFile; fileRef = 91AD130E2AFF94460004D4B8 /* OAuth2TokenStorage.swift */; };
		91B8FF262AB88C6700C2C609 /* SingleImageViewController.swift in Sources */ = {isa = PBXBuildFile; fileRef = 91B8FF252AB88C6700C2C609 /* SingleImageViewController.swift */; };
		91B9CAA62AE94CC100DB9822 /* ProgressHUD in Frameworks */ = {isa = PBXBuildFile; productRef = 91B9CAA52AE94CC100DB9822 /* ProgressHUD */; };
		91B9CAA82AEE7C0300DB9822 /* UIBlockingProgressHUD.swift in Sources */ = {isa = PBXBuildFile; fileRef = 91B9CAA72AEE7C0300DB9822 /* UIBlockingProgressHUD.swift */; };
		91B9CAAA2AEE823E00DB9822 /* ProfileService.swift in Sources */ = {isa = PBXBuildFile; fileRef = 91B9CAA92AEE823E00DB9822 /* ProfileService.swift */; };
		91B9CAAD2AEFE90C00DB9822 /* ProfileResult.swift in Sources */ = {isa = PBXBuildFile; fileRef = 91B9CAAC2AEFE90C00DB9822 /* ProfileResult.swift */; };
		91B9CAAF2AEFF2D400DB9822 /* Profile.swift in Sources */ = {isa = PBXBuildFile; fileRef = 91B9CAAE2AEFF2D400DB9822 /* Profile.swift */; };
		91B9CAB12AF2925700DB9822 /* ProfileImageService.swift in Sources */ = {isa = PBXBuildFile; fileRef = 91B9CAB02AF2925700DB9822 /* ProfileImageService.swift */; };
		91B9CAB32AF2930300DB9822 /* UserResults.swift in Sources */ = {isa = PBXBuildFile; fileRef = 91B9CAB22AF2930300DB9822 /* UserResults.swift */; };
		91B9CAB62AF7618200DB9822 /* AlertPresenter.swift in Sources */ = {isa = PBXBuildFile; fileRef = 91B9CAB52AF7618200DB9822 /* AlertPresenter.swift */; };
		91B9CAB82AF761C400DB9822 /* AlertProtocol.swift in Sources */ = {isa = PBXBuildFile; fileRef = 91B9CAB72AF761C400DB9822 /* AlertProtocol.swift */; };
		91B9CABB2AF7621A00DB9822 /* AlertModel.swift in Sources */ = {isa = PBXBuildFile; fileRef = 91B9CABA2AF7621A00DB9822 /* AlertModel.swift */; };
		91B9CABE2AF7911700DB9822 /* Kingfisher in Frameworks */ = {isa = PBXBuildFile; productRef = 91B9CABD2AF7911700DB9822 /* Kingfisher */; };
		91B9CAC12AF8C9AC00DB9822 /* SwiftKeychainWrapper in Frameworks */ = {isa = PBXBuildFile; productRef = 91B9CAC02AF8C9AC00DB9822 /* SwiftKeychainWrapper */; };
		91B9CAC42AF8E4BE00DB9822 /* TabBarController.swift in Sources */ = {isa = PBXBuildFile; fileRef = 91B9CAC32AF8E4BE00DB9822 /* TabBarController.swift */; };
		91E4D1A22AB1F25B002C5184 /* ProfileViewController.swift in Sources */ = {isa = PBXBuildFile; fileRef = 91E4D1A12AB1F25B002C5184 /* ProfileViewController.swift */; };
/* End PBXBuildFile section */

/* Begin PBXContainerItemProxy section */
		91664FA42B46B9F7001AA71B /* PBXContainerItemProxy */ = {
			isa = PBXContainerItemProxy;
			containerPortal = 7D9CFA3728DDEE7F00D971A7 /* Project object */;
			proxyType = 1;
			remoteGlobalIDString = 7D9CFA3E28DDEE7F00D971A7;
			remoteInfo = "Image Feed";
		};
/* End PBXContainerItemProxy section */

/* Begin PBXFileReference section */
		7D9CFA3F28DDEE7F00D971A7 /* Image Feed.app */ = {isa = PBXFileReference; explicitFileType = wrapper.application; includeInIndex = 0; path = "Image Feed.app"; sourceTree = BUILT_PRODUCTS_DIR; };
		7D9CFA4228DDEE7F00D971A7 /* AppDelegate.swift */ = {isa = PBXFileReference; lastKnownFileType = sourcecode.swift; path = AppDelegate.swift; sourceTree = "<group>"; };
		7D9CFA4428DDEE7F00D971A7 /* SceneDelegate.swift */ = {isa = PBXFileReference; lastKnownFileType = sourcecode.swift; path = SceneDelegate.swift; sourceTree = "<group>"; };
		7D9CFA4928DDEE7F00D971A7 /* Base */ = {isa = PBXFileReference; lastKnownFileType = file.storyboard; name = Base; path = Base.lproj/Main.storyboard; sourceTree = "<group>"; };
		7D9CFA4B28DDEE8000D971A7 /* Assets.xcassets */ = {isa = PBXFileReference; lastKnownFileType = folder.assetcatalog; path = Assets.xcassets; sourceTree = "<group>"; };
		7D9CFA4E28DDEE8000D971A7 /* Base */ = {isa = PBXFileReference; lastKnownFileType = file.storyboard; name = Base; path = Base.lproj/LaunchScreen.storyboard; sourceTree = "<group>"; };
		7D9CFA5028DDEE8000D971A7 /* Info.plist */ = {isa = PBXFileReference; lastKnownFileType = text.plist.xml; path = Info.plist; sourceTree = "<group>"; };
		7D9CFA5628DDEF8800D971A7 /* ImagesListViewController.swift */ = {isa = PBXFileReference; fileEncoding = 4; lastKnownFileType = sourcecode.swift; path = ImagesListViewController.swift; sourceTree = "<group>"; };
		9112B93C2AAB67FF00E637FD /* ImageListCell.swift */ = {isa = PBXFileReference; lastKnownFileType = sourcecode.swift; path = ImageListCell.swift; sourceTree = "<group>"; };
		9149CD7F2B222087000C0A25 /* WebCookieCleaner.swift */ = {isa = PBXFileReference; lastKnownFileType = sourcecode.swift; path = WebCookieCleaner.swift; sourceTree = "<group>"; };
		91664F982B467F8B001AA71B /* WebViewPresenter.swift */ = {isa = PBXFileReference; lastKnownFileType = sourcecode.swift; path = WebViewPresenter.swift; sourceTree = "<group>"; };
		91664F9A2B46B3A2001AA71B /* AuthHelper.swift */ = {isa = PBXFileReference; lastKnownFileType = sourcecode.swift; path = AuthHelper.swift; sourceTree = "<group>"; };
		91664FA02B46B9F7001AA71B /* Image FeedTests.xctest */ = {isa = PBXFileReference; explicitFileType = wrapper.cfbundle; includeInIndex = 0; path = "Image FeedTests.xctest"; sourceTree = BUILT_PRODUCTS_DIR; };
		91664FA22B46B9F7001AA71B /* Image_FeedTests.swift */ = {isa = PBXFileReference; lastKnownFileType = sourcecode.swift; path = Image_FeedTests.swift; sourceTree = "<group>"; };
		91681BAC2B0E3C8C003B2D82 /* ImagesListService.swift */ = {isa = PBXFileReference; lastKnownFileType = sourcecode.swift; path = ImagesListService.swift; sourceTree = "<group>"; };
		91681BAF2B0E3CE1003B2D82 /* Photo.swift */ = {isa = PBXFileReference; lastKnownFileType = sourcecode.swift; path = Photo.swift; sourceTree = "<group>"; };
		91681BB12B0E3CF4003B2D82 /* PhotoResult.swift */ = {isa = PBXFileReference; lastKnownFileType = sourcecode.swift; path = PhotoResult.swift; sourceTree = "<group>"; };
		91A22BAF2ACACE24002CFDE3 /* UIColor+Extensions.swift */ = {isa = PBXFileReference; lastKnownFileType = sourcecode.swift; path = "UIColor+Extensions.swift"; sourceTree = "<group>"; };
		91A22BB12ACD6E08002CFDE3 /* AuthConfiguration.swift */ = {isa = PBXFileReference; lastKnownFileType = sourcecode.swift; path = AuthConfiguration.swift; sourceTree = "<group>"; };
		91A22BB42ACEAEEE002CFDE3 /* AuthViewController.swift */ = {isa = PBXFileReference; lastKnownFileType = sourcecode.swift; path = AuthViewController.swift; sourceTree = "<group>"; };
		91A22BB62ACEBBC1002CFDE3 /* WebViewViewController.swift */ = {isa = PBXFileReference; lastKnownFileType = sourcecode.swift; path = WebViewViewController.swift; sourceTree = "<group>"; };
		91A22BBA2ADECFE1002CFDE3 /* OAuth2Service.swift */ = {isa = PBXFileReference; lastKnownFileType = sourcecode.swift; path = OAuth2Service.swift; sourceTree = "<group>"; };
		91A22BBC2ADEDA95002CFDE3 /* URLRequest+Extensions.swift */ = {isa = PBXFileReference; lastKnownFileType = sourcecode.swift; path = "URLRequest+Extensions.swift"; sourceTree = "<group>"; };
		91A22BBE2ADEDDA3002CFDE3 /* URLSession+Extensions.swift */ = {isa = PBXFileReference; lastKnownFileType = sourcecode.swift; path = "URLSession+Extensions.swift"; sourceTree = "<group>"; };
		91A22BC52AE025E9002CFDE3 /* SplashViewController.swift */ = {isa = PBXFileReference; lastKnownFileType = sourcecode.swift; path = SplashViewController.swift; sourceTree = "<group>"; };
		91AD130E2AFF94460004D4B8 /* OAuth2TokenStorage.swift */ = {isa = PBXFileReference; lastKnownFileType = sourcecode.swift; path = OAuth2TokenStorage.swift; sourceTree = "<group>"; };
		91B8FF252AB88C6700C2C609 /* SingleImageViewController.swift */ = {isa = PBXFileReference; lastKnownFileType = sourcecode.swift; path = SingleImageViewController.swift; sourceTree = "<group>"; };
		91B9CAA72AEE7C0300DB9822 /* UIBlockingProgressHUD.swift */ = {isa = PBXFileReference; lastKnownFileType = sourcecode.swift; path = UIBlockingProgressHUD.swift; sourceTree = "<group>"; };
		91B9CAA92AEE823E00DB9822 /* ProfileService.swift */ = {isa = PBXFileReference; lastKnownFileType = sourcecode.swift; path = ProfileService.swift; sourceTree = "<group>"; };
		91B9CAAC2AEFE90C00DB9822 /* ProfileResult.swift */ = {isa = PBXFileReference; lastKnownFileType = sourcecode.swift; path = ProfileResult.swift; sourceTree = "<group>"; };
		91B9CAAE2AEFF2D400DB9822 /* Profile.swift */ = {isa = PBXFileReference; lastKnownFileType = sourcecode.swift; path = Profile.swift; sourceTree = "<group>"; };
		91B9CAB02AF2925700DB9822 /* ProfileImageService.swift */ = {isa = PBXFileReference; lastKnownFileType = sourcecode.swift; path = ProfileImageService.swift; sourceTree = "<group>"; };
		91B9CAB22AF2930300DB9822 /* UserResults.swift */ = {isa = PBXFileReference; lastKnownFileType = sourcecode.swift; path = UserResults.swift; sourceTree = "<group>"; };
		91B9CAB52AF7618200DB9822 /* AlertPresenter.swift */ = {isa = PBXFileReference; lastKnownFileType = sourcecode.swift; path = AlertPresenter.swift; sourceTree = "<group>"; };
		91B9CAB72AF761C400DB9822 /* AlertProtocol.swift */ = {isa = PBXFileReference; lastKnownFileType = sourcecode.swift; path = AlertProtocol.swift; sourceTree = "<group>"; };
		91B9CABA2AF7621A00DB9822 /* AlertModel.swift */ = {isa = PBXFileReference; lastKnownFileType = sourcecode.swift; path = AlertModel.swift; sourceTree = "<group>"; };
		91B9CAC32AF8E4BE00DB9822 /* TabBarController.swift */ = {isa = PBXFileReference; lastKnownFileType = sourcecode.swift; path = TabBarController.swift; sourceTree = "<group>"; };
		91E4D1A12AB1F25B002C5184 /* ProfileViewController.swift */ = {isa = PBXFileReference; lastKnownFileType = sourcecode.swift; path = ProfileViewController.swift; sourceTree = "<group>"; };
/* End PBXFileReference section */

/* Begin PBXFrameworksBuildPhase section */
		7D9CFA3C28DDEE7F00D971A7 /* Frameworks */ = {
			isa = PBXFrameworksBuildPhase;
			buildActionMask = 2147483647;
			files = (
				91B9CABE2AF7911700DB9822 /* Kingfisher in Frameworks */,
				91B9CAA62AE94CC100DB9822 /* ProgressHUD in Frameworks */,
				91B9CAC12AF8C9AC00DB9822 /* SwiftKeychainWrapper in Frameworks */,
			);
			runOnlyForDeploymentPostprocessing = 0;
		};
		91664F9D2B46B9F7001AA71B /* Frameworks */ = {
			isa = PBXFrameworksBuildPhase;
			buildActionMask = 2147483647;
			files = (
			);
			runOnlyForDeploymentPostprocessing = 0;
		};
/* End PBXFrameworksBuildPhase section */

/* Begin PBXGroup section */
		7D9CFA3628DDEE7F00D971A7 = {
			isa = PBXGroup;
			children = (
				7D9CFA4428DDEE7F00D971A7 /* SceneDelegate.swift */,
				91A22BB12ACD6E08002CFDE3 /* AuthConfiguration.swift */,
				7D9CFA4228DDEE7F00D971A7 /* AppDelegate.swift */,
				7D9CFA4128DDEE7F00D971A7 /* Image Feed */,
				91664FA12B46B9F7001AA71B /* Image FeedTests */,
				7D9CFA4028DDEE7F00D971A7 /* Products */,
			);
			sourceTree = "<group>";
		};
		7D9CFA4028DDEE7F00D971A7 /* Products */ = {
			isa = PBXGroup;
			children = (
				7D9CFA3F28DDEE7F00D971A7 /* Image Feed.app */,
				91664FA02B46B9F7001AA71B /* Image FeedTests.xctest */,
			);
			name = Products;
			sourceTree = "<group>";
		};
		7D9CFA4128DDEE7F00D971A7 /* Image Feed */ = {
			isa = PBXGroup;
			children = (
				91B9CAC22AF8E48C00DB9822 /* TabBar */,
				91A22BC42AE025D4002CFDE3 /* Splash */,
				9112B93E2AAB68FD00E637FD /* ImagesList */,
				91E4D19E2AB09D9F002C5184 /* Profile */,
				91B9CAB42AF7613600DB9822 /* Alert */,
				91B8FF272AB8918900C2C609 /* Single Image */,
				91A22BB32ACEAED4002CFDE3 /* Auth */,
				91A22BC32AE025AB002CFDE3 /* Extensions */,
				91AD13112AFFACF80004D4B8 /* ProgressHUD */,
				7D9CFA4828DDEE7F00D971A7 /* Main.storyboard */,
				7D9CFA4B28DDEE8000D971A7 /* Assets.xcassets */,
				7D9CFA4D28DDEE8000D971A7 /* LaunchScreen.storyboard */,
				7D9CFA5028DDEE8000D971A7 /* Info.plist */,
			);
			path = "Image Feed";
			sourceTree = "<group>";
		};
		9112B93E2AAB68FD00E637FD /* ImagesList */ = {
			isa = PBXGroup;
			children = (
				7D9CFA5628DDEF8800D971A7 /* ImagesListViewController.swift */,
				9112B93C2AAB67FF00E637FD /* ImageListCell.swift */,
				91681BAC2B0E3C8C003B2D82 /* ImagesListService.swift */,
				91681BAE2B0E3CA6003B2D82 /* Models */,
			);
			path = ImagesList;
			sourceTree = "<group>";
		};
		91664FA12B46B9F7001AA71B /* Image FeedTests */ = {
			isa = PBXGroup;
			children = (
				91664FA22B46B9F7001AA71B /* Image_FeedTests.swift */,
			);
			path = "Image FeedTests";
			sourceTree = "<group>";
		};
		91681BAE2B0E3CA6003B2D82 /* Models */ = {
			isa = PBXGroup;
			children = (
				91681BAF2B0E3CE1003B2D82 /* Photo.swift */,
				91681BB12B0E3CF4003B2D82 /* PhotoResult.swift */,
			);
			path = Models;
			sourceTree = "<group>";
		};
		91A22BB32ACEAED4002CFDE3 /* Auth */ = {
			isa = PBXGroup;
			children = (
				91A22BB42ACEAEEE002CFDE3 /* AuthViewController.swift */,
				91664F9A2B46B3A2001AA71B /* AuthHelper.swift */,
				91A22BB62ACEBBC1002CFDE3 /* WebViewViewController.swift */,
				91664F982B467F8B001AA71B /* WebViewPresenter.swift */,
				9149CD7F2B222087000C0A25 /* WebCookieCleaner.swift */,
				91AD13102AFFABC90004D4B8 /* OAuth */,
			);
			path = Auth;
			sourceTree = "<group>";
		};
		91A22BC32AE025AB002CFDE3 /* Extensions */ = {
			isa = PBXGroup;
			children = (
				91A22BBC2ADEDA95002CFDE3 /* URLRequest+Extensions.swift */,
				91A22BBE2ADEDDA3002CFDE3 /* URLSession+Extensions.swift */,
				91A22BAF2ACACE24002CFDE3 /* UIColor+Extensions.swift */,
			);
			path = Extensions;
			sourceTree = "<group>";
		};
		91A22BC42AE025D4002CFDE3 /* Splash */ = {
			isa = PBXGroup;
			children = (
				91A22BC52AE025E9002CFDE3 /* SplashViewController.swift */,
			);
			path = Splash;
			sourceTree = "<group>";
		};
		91AD13102AFFABC90004D4B8 /* OAuth */ = {
			isa = PBXGroup;
			children = (
				91A22BBA2ADECFE1002CFDE3 /* OAuth2Service.swift */,
				91AD130E2AFF94460004D4B8 /* OAuth2TokenStorage.swift */,
			);
			path = OAuth;
			sourceTree = "<group>";
		};
		91AD13112AFFACF80004D4B8 /* ProgressHUD */ = {
			isa = PBXGroup;
			children = (
				91B9CAA72AEE7C0300DB9822 /* UIBlockingProgressHUD.swift */,
			);
			path = ProgressHUD;
			sourceTree = "<group>";
		};
		91B8FF272AB8918900C2C609 /* Single Image */ = {
			isa = PBXGroup;
			children = (
				91B8FF252AB88C6700C2C609 /* SingleImageViewController.swift */,
			);
			path = "Single Image";
			sourceTree = "<group>";
		};
		91B9CAAB2AEFE89E00DB9822 /* Models */ = {
			isa = PBXGroup;
			children = (
				91B9CAAC2AEFE90C00DB9822 /* ProfileResult.swift */,
				91B9CAAE2AEFF2D400DB9822 /* Profile.swift */,
				91B9CAB22AF2930300DB9822 /* UserResults.swift */,
			);
			path = Models;
			sourceTree = "<group>";
		};
		91B9CAB42AF7613600DB9822 /* Alert */ = {
			isa = PBXGroup;
			children = (
				91B9CAB92AF7620900DB9822 /* Models */,
				91B9CAB52AF7618200DB9822 /* AlertPresenter.swift */,
				91B9CAB72AF761C400DB9822 /* AlertProtocol.swift */,
			);
			path = Alert;
			sourceTree = "<group>";
		};
		91B9CAB92AF7620900DB9822 /* Models */ = {
			isa = PBXGroup;
			children = (
				91B9CABA2AF7621A00DB9822 /* AlertModel.swift */,
			);
			path = Models;
			sourceTree = "<group>";
		};
		91B9CAC22AF8E48C00DB9822 /* TabBar */ = {
			isa = PBXGroup;
			children = (
				91B9CAC32AF8E4BE00DB9822 /* TabBarController.swift */,
			);
			path = TabBar;
			sourceTree = "<group>";
		};
		91E4D19E2AB09D9F002C5184 /* Profile */ = {
			isa = PBXGroup;
			children = (
				91E4D1A12AB1F25B002C5184 /* ProfileViewController.swift */,
				91B9CAB02AF2925700DB9822 /* ProfileImageService.swift */,
				91B9CAA92AEE823E00DB9822 /* ProfileService.swift */,
				91B9CAAB2AEFE89E00DB9822 /* Models */,
			);
			path = Profile;
			sourceTree = "<group>";
		};
/* End PBXGroup section */

/* Begin PBXNativeTarget section */
		7D9CFA3E28DDEE7F00D971A7 /* Image Feed */ = {
			isa = PBXNativeTarget;
			buildConfigurationList = 7D9CFA5328DDEE8000D971A7 /* Build configuration list for PBXNativeTarget "Image Feed" */;
			buildPhases = (
				7D9CFA3B28DDEE7F00D971A7 /* Sources */,
				7D9CFA3C28DDEE7F00D971A7 /* Frameworks */,
				7D9CFA3D28DDEE7F00D971A7 /* Resources */,
			);
			buildRules = (
			);
			dependencies = (
			);
			name = "Image Feed";
			packageProductDependencies = (
				91B9CAA52AE94CC100DB9822 /* ProgressHUD */,
				91B9CABD2AF7911700DB9822 /* Kingfisher */,
				91B9CAC02AF8C9AC00DB9822 /* SwiftKeychainWrapper */,
			);
			productName = "Image Feed";
			productReference = 7D9CFA3F28DDEE7F00D971A7 /* Image Feed.app */;
			productType = "com.apple.product-type.application";
		};
		91664F9F2B46B9F7001AA71B /* Image FeedTests */ = {
			isa = PBXNativeTarget;
			buildConfigurationList = 91664FA62B46B9F7001AA71B /* Build configuration list for PBXNativeTarget "Image FeedTests" */;
			buildPhases = (
				91664F9C2B46B9F7001AA71B /* Sources */,
				91664F9D2B46B9F7001AA71B /* Frameworks */,
				91664F9E2B46B9F7001AA71B /* Resources */,
			);
			buildRules = (
			);
			dependencies = (
				91664FA52B46B9F7001AA71B /* PBXTargetDependency */,
			);
			name = "Image FeedTests";
			productName = "Image FeedTests";
			productReference = 91664FA02B46B9F7001AA71B /* Image FeedTests.xctest */;
			productType = "com.apple.product-type.bundle.unit-test";
		};
/* End PBXNativeTarget section */

/* Begin PBXProject section */
		7D9CFA3728DDEE7F00D971A7 /* Project object */ = {
			isa = PBXProject;
			attributes = {
				BuildIndependentTargetsInParallel = 1;
				LastSwiftUpdateCheck = 1500;
				LastUpgradeCheck = 1340;
				TargetAttributes = {
					7D9CFA3E28DDEE7F00D971A7 = {
						CreatedOnToolsVersion = 13.4.1;
					};
					91664F9F2B46B9F7001AA71B = {
						CreatedOnToolsVersion = 15.0;
						TestTargetID = 7D9CFA3E28DDEE7F00D971A7;
					};
				};
			};
			buildConfigurationList = 7D9CFA3A28DDEE7F00D971A7 /* Build configuration list for PBXProject "Image Feed" */;
			compatibilityVersion = "Xcode 13.0";
			developmentRegion = en;
			hasScannedForEncodings = 0;
			knownRegions = (
				en,
				Base,
			);
			mainGroup = 7D9CFA3628DDEE7F00D971A7;
			packageReferences = (
				91B9CAA42AE94CC100DB9822 /* XCRemoteSwiftPackageReference "ProgressHUD" */,
				91B9CABC2AF7911700DB9822 /* XCRemoteSwiftPackageReference "Kingfisher" */,
				91B9CABF2AF8C9AC00DB9822 /* XCRemoteSwiftPackageReference "SwiftKeychainWrapper" */,
			);
			productRefGroup = 7D9CFA4028DDEE7F00D971A7 /* Products */;
			projectDirPath = "";
			projectRoot = "";
			targets = (
				7D9CFA3E28DDEE7F00D971A7 /* Image Feed */,
				91664F9F2B46B9F7001AA71B /* Image FeedTests */,
			);
		};
/* End PBXProject section */

/* Begin PBXResourcesBuildPhase section */
		7D9CFA3D28DDEE7F00D971A7 /* Resources */ = {
			isa = PBXResourcesBuildPhase;
			buildActionMask = 2147483647;
			files = (
				7D9CFA4F28DDEE8000D971A7 /* LaunchScreen.storyboard in Resources */,
				7D9CFA4C28DDEE8000D971A7 /* Assets.xcassets in Resources */,
				7D9CFA4A28DDEE7F00D971A7 /* Main.storyboard in Resources */,
			);
			runOnlyForDeploymentPostprocessing = 0;
		};
		91664F9E2B46B9F7001AA71B /* Resources */ = {
			isa = PBXResourcesBuildPhase;
			buildActionMask = 2147483647;
			files = (
			);
			runOnlyForDeploymentPostprocessing = 0;
		};
/* End PBXResourcesBuildPhase section */

/* Begin PBXSourcesBuildPhase section */
		7D9CFA3B28DDEE7F00D971A7 /* Sources */ = {
			isa = PBXSourcesBuildPhase;
			buildActionMask = 2147483647;
			files = (
				91A22BB72ACEBBC1002CFDE3 /* WebViewViewController.swift in Sources */,
				91B9CAB62AF7618200DB9822 /* AlertPresenter.swift in Sources */,
				91B9CAB32AF2930300DB9822 /* UserResults.swift in Sources */,
				7D9CFA4328DDEE7F00D971A7 /* AppDelegate.swift in Sources */,
				91B9CABB2AF7621A00DB9822 /* AlertModel.swift in Sources */,
				9112B93D2AAB67FF00E637FD /* ImageListCell.swift in Sources */,
				91B9CAA82AEE7C0300DB9822 /* UIBlockingProgressHUD.swift in Sources */,
				91E4D1A22AB1F25B002C5184 /* ProfileViewController.swift in Sources */,
				91A22BBB2ADECFE1002CFDE3 /* OAuth2Service.swift in Sources */,
				91B9CAC42AF8E4BE00DB9822 /* TabBarController.swift in Sources */,
				91664F992B467F8B001AA71B /* WebViewPresenter.swift in Sources */,
				91681BB02B0E3CE1003B2D82 /* Photo.swift in Sources */,
				7D9CFA5728DDEF8900D971A7 /* ImagesListViewController.swift in Sources */,
				91B9CAAA2AEE823E00DB9822 /* ProfileService.swift in Sources */,
				91A22BBF2ADEDDA3002CFDE3 /* URLSession+Extensions.swift in Sources */,
				91B8FF262AB88C6700C2C609 /* SingleImageViewController.swift in Sources */,
				91A22BB02ACACE24002CFDE3 /* UIColor+Extensions.swift in Sources */,
				91A22BC62AE025E9002CFDE3 /* SplashViewController.swift in Sources */,
				7D9CFA4528DDEE7F00D971A7 /* SceneDelegate.swift in Sources */,
				91AD130F2AFF94460004D4B8 /* OAuth2TokenStorage.swift in Sources */,
				91A22BBD2ADEDA95002CFDE3 /* URLRequest+Extensions.swift in Sources */,
				91A22BB52ACEAEEE002CFDE3 /* AuthViewController.swift in Sources */,
				91B9CAB82AF761C400DB9822 /* AlertProtocol.swift in Sources */,
				91681BB22B0E3CF4003B2D82 /* PhotoResult.swift in Sources */,
				91B9CAAF2AEFF2D400DB9822 /* Profile.swift in Sources */,
				91B9CAB12AF2925700DB9822 /* ProfileImageService.swift in Sources */,
				91B9CAAD2AEFE90C00DB9822 /* ProfileResult.swift in Sources */,
				91A22BB22ACD6E08002CFDE3 /* AuthConfiguration.swift in Sources */,
				91681BAD2B0E3C8C003B2D82 /* ImagesListService.swift in Sources */,
				91664F9B2B46B3A2001AA71B /* AuthHelper.swift in Sources */,
				9149CD802B222087000C0A25 /* WebCookieCleaner.swift in Sources */,
			);
			runOnlyForDeploymentPostprocessing = 0;
		};
		91664F9C2B46B9F7001AA71B /* Sources */ = {
			isa = PBXSourcesBuildPhase;
			buildActionMask = 2147483647;
			files = (
				91664FA32B46B9F7001AA71B /* Image_FeedTests.swift in Sources */,
			);
			runOnlyForDeploymentPostprocessing = 0;
		};
/* End PBXSourcesBuildPhase section */

/* Begin PBXTargetDependency section */
		91664FA52B46B9F7001AA71B /* PBXTargetDependency */ = {
			isa = PBXTargetDependency;
			target = 7D9CFA3E28DDEE7F00D971A7 /* Image Feed */;
			targetProxy = 91664FA42B46B9F7001AA71B /* PBXContainerItemProxy */;
		};
/* End PBXTargetDependency section */

/* Begin PBXVariantGroup section */
		7D9CFA4828DDEE7F00D971A7 /* Main.storyboard */ = {
			isa = PBXVariantGroup;
			children = (
				7D9CFA4928DDEE7F00D971A7 /* Base */,
			);
			name = Main.storyboard;
			sourceTree = "<group>";
		};
		7D9CFA4D28DDEE8000D971A7 /* LaunchScreen.storyboard */ = {
			isa = PBXVariantGroup;
			children = (
				7D9CFA4E28DDEE8000D971A7 /* Base */,
			);
			name = LaunchScreen.storyboard;
			sourceTree = "<group>";
		};
/* End PBXVariantGroup section */

/* Begin XCBuildConfiguration section */
		7D9CFA5128DDEE8000D971A7 /* Debug */ = {
			isa = XCBuildConfiguration;
			buildSettings = {
				ALWAYS_SEARCH_USER_PATHS = NO;
				CLANG_ANALYZER_NONNULL = YES;
				CLANG_ANALYZER_NUMBER_OBJECT_CONVERSION = YES_AGGRESSIVE;
				CLANG_CXX_LANGUAGE_STANDARD = "gnu++17";
				CLANG_ENABLE_MODULES = YES;
				CLANG_ENABLE_OBJC_ARC = YES;
				CLANG_ENABLE_OBJC_WEAK = YES;
				CLANG_WARN_BLOCK_CAPTURE_AUTORELEASING = YES;
				CLANG_WARN_BOOL_CONVERSION = YES;
				CLANG_WARN_COMMA = YES;
				CLANG_WARN_CONSTANT_CONVERSION = YES;
				CLANG_WARN_DEPRECATED_OBJC_IMPLEMENTATIONS = YES;
				CLANG_WARN_DIRECT_OBJC_ISA_USAGE = YES_ERROR;
				CLANG_WARN_DOCUMENTATION_COMMENTS = YES;
				CLANG_WARN_EMPTY_BODY = YES;
				CLANG_WARN_ENUM_CONVERSION = YES;
				CLANG_WARN_INFINITE_RECURSION = YES;
				CLANG_WARN_INT_CONVERSION = YES;
				CLANG_WARN_NON_LITERAL_NULL_CONVERSION = YES;
				CLANG_WARN_OBJC_IMPLICIT_RETAIN_SELF = YES;
				CLANG_WARN_OBJC_LITERAL_CONVERSION = YES;
				CLANG_WARN_OBJC_ROOT_CLASS = YES_ERROR;
				CLANG_WARN_QUOTED_INCLUDE_IN_FRAMEWORK_HEADER = YES;
				CLANG_WARN_RANGE_LOOP_ANALYSIS = YES;
				CLANG_WARN_STRICT_PROTOTYPES = YES;
				CLANG_WARN_SUSPICIOUS_MOVE = YES;
				CLANG_WARN_UNGUARDED_AVAILABILITY = YES_AGGRESSIVE;
				CLANG_WARN_UNREACHABLE_CODE = YES;
				CLANG_WARN__DUPLICATE_METHOD_MATCH = YES;
				COPY_PHASE_STRIP = NO;
				DEBUG_INFORMATION_FORMAT = dwarf;
				ENABLE_STRICT_OBJC_MSGSEND = YES;
				ENABLE_TESTABILITY = YES;
				GCC_C_LANGUAGE_STANDARD = gnu11;
				GCC_DYNAMIC_NO_PIC = NO;
				GCC_NO_COMMON_BLOCKS = YES;
				GCC_OPTIMIZATION_LEVEL = 0;
				GCC_PREPROCESSOR_DEFINITIONS = (
					"DEBUG=1",
					"$(inherited)",
				);
				GCC_WARN_64_TO_32_BIT_CONVERSION = YES;
				GCC_WARN_ABOUT_RETURN_TYPE = YES_ERROR;
				GCC_WARN_UNDECLARED_SELECTOR = YES;
				GCC_WARN_UNINITIALIZED_AUTOS = YES_AGGRESSIVE;
				GCC_WARN_UNUSED_FUNCTION = YES;
				GCC_WARN_UNUSED_VARIABLE = YES;
				IPHONEOS_DEPLOYMENT_TARGET = 13.0;
				MTL_ENABLE_DEBUG_INFO = INCLUDE_SOURCE;
				MTL_FAST_MATH = YES;
				ONLY_ACTIVE_ARCH = YES;
				SDKROOT = iphoneos;
				SWIFT_ACTIVE_COMPILATION_CONDITIONS = DEBUG;
				SWIFT_OPTIMIZATION_LEVEL = "-Onone";
			};
			name = Debug;
		};
		7D9CFA5228DDEE8000D971A7 /* Release */ = {
			isa = XCBuildConfiguration;
			buildSettings = {
				ALWAYS_SEARCH_USER_PATHS = NO;
				CLANG_ANALYZER_NONNULL = YES;
				CLANG_ANALYZER_NUMBER_OBJECT_CONVERSION = YES_AGGRESSIVE;
				CLANG_CXX_LANGUAGE_STANDARD = "gnu++17";
				CLANG_ENABLE_MODULES = YES;
				CLANG_ENABLE_OBJC_ARC = YES;
				CLANG_ENABLE_OBJC_WEAK = YES;
				CLANG_WARN_BLOCK_CAPTURE_AUTORELEASING = YES;
				CLANG_WARN_BOOL_CONVERSION = YES;
				CLANG_WARN_COMMA = YES;
				CLANG_WARN_CONSTANT_CONVERSION = YES;
				CLANG_WARN_DEPRECATED_OBJC_IMPLEMENTATIONS = YES;
				CLANG_WARN_DIRECT_OBJC_ISA_USAGE = YES_ERROR;
				CLANG_WARN_DOCUMENTATION_COMMENTS = YES;
				CLANG_WARN_EMPTY_BODY = YES;
				CLANG_WARN_ENUM_CONVERSION = YES;
				CLANG_WARN_INFINITE_RECURSION = YES;
				CLANG_WARN_INT_CONVERSION = YES;
				CLANG_WARN_NON_LITERAL_NULL_CONVERSION = YES;
				CLANG_WARN_OBJC_IMPLICIT_RETAIN_SELF = YES;
				CLANG_WARN_OBJC_LITERAL_CONVERSION = YES;
				CLANG_WARN_OBJC_ROOT_CLASS = YES_ERROR;
				CLANG_WARN_QUOTED_INCLUDE_IN_FRAMEWORK_HEADER = YES;
				CLANG_WARN_RANGE_LOOP_ANALYSIS = YES;
				CLANG_WARN_STRICT_PROTOTYPES = YES;
				CLANG_WARN_SUSPICIOUS_MOVE = YES;
				CLANG_WARN_UNGUARDED_AVAILABILITY = YES_AGGRESSIVE;
				CLANG_WARN_UNREACHABLE_CODE = YES;
				CLANG_WARN__DUPLICATE_METHOD_MATCH = YES;
				COPY_PHASE_STRIP = NO;
				DEBUG_INFORMATION_FORMAT = "dwarf-with-dsym";
				ENABLE_NS_ASSERTIONS = NO;
				ENABLE_STRICT_OBJC_MSGSEND = YES;
				GCC_C_LANGUAGE_STANDARD = gnu11;
				GCC_NO_COMMON_BLOCKS = YES;
				GCC_WARN_64_TO_32_BIT_CONVERSION = YES;
				GCC_WARN_ABOUT_RETURN_TYPE = YES_ERROR;
				GCC_WARN_UNDECLARED_SELECTOR = YES;
				GCC_WARN_UNINITIALIZED_AUTOS = YES_AGGRESSIVE;
				GCC_WARN_UNUSED_FUNCTION = YES;
				GCC_WARN_UNUSED_VARIABLE = YES;
				IPHONEOS_DEPLOYMENT_TARGET = 13.0;
				MTL_ENABLE_DEBUG_INFO = NO;
				MTL_FAST_MATH = YES;
				SDKROOT = iphoneos;
				SWIFT_COMPILATION_MODE = wholemodule;
				SWIFT_OPTIMIZATION_LEVEL = "-O";
				VALIDATE_PRODUCT = YES;
			};
			name = Release;
		};
		7D9CFA5428DDEE8000D971A7 /* Debug */ = {
			isa = XCBuildConfiguration;
			buildSettings = {
				ASSETCATALOG_COMPILER_APPICON_NAME = AppIcon;
				ASSETCATALOG_COMPILER_GLOBAL_ACCENT_COLOR_NAME = AccentColor;
				CODE_SIGN_STYLE = Automatic;
				CURRENT_PROJECT_VERSION = 1;
				DEVELOPMENT_TEAM = FV5M76HD5M;
				GENERATE_INFOPLIST_FILE = YES;
				INFOPLIST_FILE = "Image Feed/Info.plist";
				INFOPLIST_KEY_UIApplicationSupportsIndirectInputEvents = YES;
				INFOPLIST_KEY_UILaunchStoryboardName = LaunchScreen;
				INFOPLIST_KEY_UIMainStoryboardFile = Main;
				INFOPLIST_KEY_UISupportedInterfaceOrientations = UIInterfaceOrientationPortrait;
				INFOPLIST_KEY_UISupportedInterfaceOrientations_iPad = "UIInterfaceOrientationPortrait UIInterfaceOrientationPortraitUpsideDown UIInterfaceOrientationLandscapeLeft UIInterfaceOrientationLandscapeRight";
				INFOPLIST_KEY_UISupportedInterfaceOrientations_iPhone = UIInterfaceOrientationPortrait;
				LD_RUNPATH_SEARCH_PATHS = (
					"$(inherited)",
					"@executable_path/Frameworks",
				);
				MARKETING_VERSION = 1.0;
				PRODUCT_BUNDLE_IDENTIFIER = "ru.praktikum.Image-Feed-2023";
				PRODUCT_NAME = "$(TARGET_NAME)";
				SWIFT_EMIT_LOC_STRINGS = YES;
				SWIFT_VERSION = 5.0;
				TARGETED_DEVICE_FAMILY = 1;
			};
			name = Debug;
		};
		7D9CFA5528DDEE8000D971A7 /* Release */ = {
			isa = XCBuildConfiguration;
			buildSettings = {
				ASSETCATALOG_COMPILER_APPICON_NAME = AppIcon;
				ASSETCATALOG_COMPILER_GLOBAL_ACCENT_COLOR_NAME = AccentColor;
				CODE_SIGN_STYLE = Automatic;
				CURRENT_PROJECT_VERSION = 1;
				DEVELOPMENT_TEAM = FV5M76HD5M;
				GENERATE_INFOPLIST_FILE = YES;
				INFOPLIST_FILE = "Image Feed/Info.plist";
				INFOPLIST_KEY_UIApplicationSupportsIndirectInputEvents = YES;
				INFOPLIST_KEY_UILaunchStoryboardName = LaunchScreen;
				INFOPLIST_KEY_UIMainStoryboardFile = Main;
				INFOPLIST_KEY_UISupportedInterfaceOrientations = UIInterfaceOrientationPortrait;
				INFOPLIST_KEY_UISupportedInterfaceOrientations_iPad = "UIInterfaceOrientationPortrait UIInterfaceOrientationPortraitUpsideDown UIInterfaceOrientationLandscapeLeft UIInterfaceOrientationLandscapeRight";
				INFOPLIST_KEY_UISupportedInterfaceOrientations_iPhone = UIInterfaceOrientationPortrait;
				LD_RUNPATH_SEARCH_PATHS = (
					"$(inherited)",
					"@executable_path/Frameworks",
				);
				MARKETING_VERSION = 1.0;
				PRODUCT_BUNDLE_IDENTIFIER = "ru.praktikum.Image-Feed-2023";
				PRODUCT_NAME = "$(TARGET_NAME)";
				SWIFT_EMIT_LOC_STRINGS = YES;
				SWIFT_VERSION = 5.0;
				TARGETED_DEVICE_FAMILY = 1;
			};
			name = Release;
		};
		91664FA72B46B9F7001AA71B /* Debug */ = {
			isa = XCBuildConfiguration;
			buildSettings = {
				ASSETCATALOG_COMPILER_GENERATE_SWIFT_ASSET_SYMBOL_EXTENSIONS = YES;
				BUNDLE_LOADER = "$(TEST_HOST)";
				CLANG_CXX_LANGUAGE_STANDARD = "gnu++20";
				CODE_SIGN_STYLE = Automatic;
				CURRENT_PROJECT_VERSION = 1;
				DEVELOPMENT_TEAM = FV5M76HD5M;
				ENABLE_USER_SCRIPT_SANDBOXING = YES;
				GCC_C_LANGUAGE_STANDARD = gnu17;
				GENERATE_INFOPLIST_FILE = YES;
				IPHONEOS_DEPLOYMENT_TARGET = 17.0;
				LOCALIZATION_PREFERS_STRING_CATALOGS = YES;
				MARKETING_VERSION = 1.0;
				PRODUCT_BUNDLE_IDENTIFIER = "ru.ketamine.practicum.Image-FeedTests";
				PRODUCT_NAME = "$(TARGET_NAME)";
				SWIFT_ACTIVE_COMPILATION_CONDITIONS = "DEBUG $(inherited)";
				SWIFT_EMIT_LOC_STRINGS = NO;
				SWIFT_VERSION = 5.0;
				TARGETED_DEVICE_FAMILY = "1,2";
				TEST_HOST = "$(BUILT_PRODUCTS_DIR)/Image Feed.app/$(BUNDLE_EXECUTABLE_FOLDER_PATH)/Image Feed";
			};
			name = Debug;
		};
		91664FA82B46B9F7001AA71B /* Release */ = {
			isa = XCBuildConfiguration;
			buildSettings = {
				ASSETCATALOG_COMPILER_GENERATE_SWIFT_ASSET_SYMBOL_EXTENSIONS = YES;
				BUNDLE_LOADER = "$(TEST_HOST)";
				CLANG_CXX_LANGUAGE_STANDARD = "gnu++20";
				CODE_SIGN_STYLE = Automatic;
				CURRENT_PROJECT_VERSION = 1;
				DEVELOPMENT_TEAM = FV5M76HD5M;
				ENABLE_USER_SCRIPT_SANDBOXING = YES;
				GCC_C_LANGUAGE_STANDARD = gnu17;
				GENERATE_INFOPLIST_FILE = YES;
				IPHONEOS_DEPLOYMENT_TARGET = 17.0;
				LOCALIZATION_PREFERS_STRING_CATALOGS = YES;
				MARKETING_VERSION = 1.0;
				PRODUCT_BUNDLE_IDENTIFIER = "ru.ketamine.practicum.Image-FeedTests";
				PRODUCT_NAME = "$(TARGET_NAME)";
				SWIFT_EMIT_LOC_STRINGS = NO;
				SWIFT_VERSION = 5.0;
				TARGETED_DEVICE_FAMILY = "1,2";
				TEST_HOST = "$(BUILT_PRODUCTS_DIR)/Image Feed.app/$(BUNDLE_EXECUTABLE_FOLDER_PATH)/Image Feed";
			};
			name = Release;
		};
/* End XCBuildConfiguration section */

/* Begin XCConfigurationList section */
		7D9CFA3A28DDEE7F00D971A7 /* Build configuration list for PBXProject "Image Feed" */ = {
			isa = XCConfigurationList;
			buildConfigurations = (
				7D9CFA5128DDEE8000D971A7 /* Debug */,
				7D9CFA5228DDEE8000D971A7 /* Release */,
			);
			defaultConfigurationIsVisible = 0;
			defaultConfigurationName = Release;
		};
		7D9CFA5328DDEE8000D971A7 /* Build configuration list for PBXNativeTarget "Image Feed" */ = {
			isa = XCConfigurationList;
			buildConfigurations = (
				7D9CFA5428DDEE8000D971A7 /* Debug */,
				7D9CFA5528DDEE8000D971A7 /* Release */,
			);
			defaultConfigurationIsVisible = 0;
			defaultConfigurationName = Release;
		};
		91664FA62B46B9F7001AA71B /* Build configuration list for PBXNativeTarget "Image FeedTests" */ = {
			isa = XCConfigurationList;
			buildConfigurations = (
				91664FA72B46B9F7001AA71B /* Debug */,
				91664FA82B46B9F7001AA71B /* Release */,
			);
			defaultConfigurationIsVisible = 0;
			defaultConfigurationName = Release;
		};
/* End XCConfigurationList section */

/* Begin XCRemoteSwiftPackageReference section */
		91B9CAA42AE94CC100DB9822 /* XCRemoteSwiftPackageReference "ProgressHUD" */ = {
			isa = XCRemoteSwiftPackageReference;
			repositoryURL = "https://github.com/relatedcode/ProgressHUD";
			requirement = {
				kind = upToNextMajorVersion;
				minimumVersion = 14.1.0;
			};
		};
		91B9CABC2AF7911700DB9822 /* XCRemoteSwiftPackageReference "Kingfisher" */ = {
			isa = XCRemoteSwiftPackageReference;
			repositoryURL = "https://github.com/onevcat/Kingfisher";
			requirement = {
				kind = upToNextMajorVersion;
				minimumVersion = 7.10.0;
			};
		};
		91B9CABF2AF8C9AC00DB9822 /* XCRemoteSwiftPackageReference "SwiftKeychainWrapper" */ = {
			isa = XCRemoteSwiftPackageReference;
			repositoryURL = "https://github.com/jrendel/SwiftKeychainWrapper";
			requirement = {
				kind = upToNextMajorVersion;
				minimumVersion = 4.0.1;
			};
		};
/* End XCRemoteSwiftPackageReference section */

/* Begin XCSwiftPackageProductDependency section */
		91B9CAA52AE94CC100DB9822 /* ProgressHUD */ = {
			isa = XCSwiftPackageProductDependency;
			package = 91B9CAA42AE94CC100DB9822 /* XCRemoteSwiftPackageReference "ProgressHUD" */;
			productName = ProgressHUD;
		};
		91B9CABD2AF7911700DB9822 /* Kingfisher */ = {
			isa = XCSwiftPackageProductDependency;
			package = 91B9CABC2AF7911700DB9822 /* XCRemoteSwiftPackageReference "Kingfisher" */;
			productName = Kingfisher;
		};
		91B9CAC02AF8C9AC00DB9822 /* SwiftKeychainWrapper */ = {
			isa = XCSwiftPackageProductDependency;
			package = 91B9CABF2AF8C9AC00DB9822 /* XCRemoteSwiftPackageReference "SwiftKeychainWrapper" */;
			productName = SwiftKeychainWrapper;
		};
/* End XCSwiftPackageProductDependency section */
	};
	rootObject = 7D9CFA3728DDEE7F00D971A7 /* Project object */;
}
