{
  "pins" : [
    {
      "identity" : "progresshud",
      "kind" : "remoteSourceControl",
      "location" : "https://github.com/relatedcode/ProgressHUD",
      "state" : {
        "revision" : "5a7e1ba99652f429eb3bf60de0558cacc5c384be",
        "version" : "14.1.0"
      }
    }
  ],
  "version" : 2
}
